// !$*UTF8*$!
{
	archiveVersion = 1;
	classes = {
	};
	objectVersion = 77;
	objects = {

/* Begin PBXBuildFile section */
		6E0E91882ECE1ADD00234B42 /* FirebaseAuth in Frameworks */ = {isa = PBXBuildFile; productRef = 6E0E91872ECE1ADD00234B42 /* FirebaseAuth */; };
		6E0E918A2ECE1ADD00234B42 /* FirebaseCore in Frameworks */ = {isa = PBXBuildFile; productRef = 6E0E91892ECE1ADD00234B42 /* FirebaseCore */; };
		6E0E918C2ECE1ADD00234B42 /* FirebaseDatabase in Frameworks */ = {isa = PBXBuildFile; productRef = 6E0E918B2ECE1ADD00234B42 /* FirebaseDatabase */; };
		6E0E918E2ECE1ADD00234B42 /* FirebaseFirestore in Frameworks */ = {isa = PBXBuildFile; productRef = 6E0E918D2ECE1ADD00234B42 /* FirebaseFirestore */; };
		6E0E91902ECE1ADD00234B42 /* FirebaseStorage in Frameworks */ = {isa = PBXBuildFile; productRef = 6E0E918F2ECE1ADD00234B42 /* FirebaseStorage */; };
		6E53A3D22ECC4227005FC4B2 /* GoogleService-Info.plist in Resources */ = {isa = PBXBuildFile; fileRef = 6E53A3D12ECC4227005FC4B2 /* GoogleService-Info.plist */; };
/* End PBXBuildFile section */

/* Begin PBXContainerItemProxy section */
		6EAD494F2ECC36B00003517B /* PBXContainerItemProxy */ = {
			isa = PBXContainerItemProxy;
			containerPortal = 6EAD49392ECC36AE0003517B /* Project object */;
			proxyType = 1;
			remoteGlobalIDString = 6EAD49402ECC36AE0003517B;
			remoteInfo = TimerFsh;
		};
		6EAD49592ECC36B00003517B /* PBXContainerItemProxy */ = {
			isa = PBXContainerItemProxy;
			containerPortal = 6EAD49392ECC36AE0003517B /* Project object */;
			proxyType = 1;
			remoteGlobalIDString = 6EAD49402ECC36AE0003517B;
			remoteInfo = TimerFsh;
		};
/* End PBXContainerItemProxy section */

/* Begin PBXFileReference section */
		6E53A3D12ECC4227005FC4B2 /* GoogleService-Info.plist */ = {isa = PBXFileReference; lastKnownFileType = text.plist.xml; path = "GoogleService-Info.plist"; sourceTree = "<group>"; };
		6EAD49412ECC36AE0003517B /* TimerFsh.app */ = {isa = PBXFileReference; explicitFileType = wrapper.application; includeInIndex = 0; path = TimerFsh.app; sourceTree = BUILT_PRODUCTS_DIR; };
		6EAD494E2ECC36B00003517B /* TimerFshTests.xctest */ = {isa = PBXFileReference; explicitFileType = wrapper.cfbundle; includeInIndex = 0; path = TimerFshTests.xctest; sourceTree = BUILT_PRODUCTS_DIR; };
		6EAD49582ECC36B00003517B /* TimerFshUITests.xctest */ = {isa = PBXFileReference; explicitFileType = wrapper.cfbundle; includeInIndex = 0; path = TimerFshUITests.xctest; sourceTree = BUILT_PRODUCTS_DIR; };
/* End PBXFileReference section */

/* Begin PBXFileSystemSynchronizedRootGroup section */
		6EAD49432ECC36AE0003517B /* TimerFsh */ = {
			isa = PBXFileSystemSynchronizedRootGroup;
			path = TimerFsh;
			sourceTree = "<group>";
		};
		6EAD49512ECC36B00003517B /* TimerFshTests */ = {
			isa = PBXFileSystemSynchronizedRootGroup;
			path = TimerFshTests;
			sourceTree = "<group>";
		};
		6EAD495B2ECC36B00003517B /* TimerFshUITests */ = {
			isa = PBXFileSystemSynchronizedRootGroup;
			path = TimerFshUITests;
			sourceTree = "<group>";
		};
/* End PBXFileSystemSynchronizedRootGroup section */

/* Begin PBXFrameworksBuildPhase section */
		6EAD493E2ECC36AE0003517B /* Frameworks */ = {
			isa = PBXFrameworksBuildPhase;
			buildActionMask = 2147483647;
			files = (
				6E0E918C2ECE1ADD00234B42 /* FirebaseDatabase in Frameworks */,
				6E0E918E2ECE1ADD00234B42 /* FirebaseFirestore in Frameworks */,
				6E0E918A2ECE1ADD00234B42 /* FirebaseCore in Frameworks */,
				6E0E91902ECE1ADD00234B42 /* FirebaseStorage in Frameworks */,
				6E0E91882ECE1ADD00234B42 /* FirebaseAuth in Frameworks */,
			);
			runOnlyForDeploymentPostprocessing = 0;
		};
		6EAD494B2ECC36B00003517B /* Frameworks */ = {
			isa = PBXFrameworksBuildPhase;
			buildActionMask = 2147483647;
			files = (
			);
			runOnlyForDeploymentPostprocessing = 0;
		};
		6EAD49552ECC36B00003517B /* Frameworks */ = {
			isa = PBXFrameworksBuildPhase;
			buildActionMask = 2147483647;
			files = (
			);
			runOnlyForDeploymentPostprocessing = 0;
		};
/* End PBXFrameworksBuildPhase section */

/* Begin PBXGroup section */
		6EAD49382ECC36AE0003517B = {
			isa = PBXGroup;
			children = (
				6E53A3D12ECC4227005FC4B2 /* GoogleService-Info.plist */,
				6EAD49432ECC36AE0003517B /* TimerFsh */,
				6EAD49512ECC36B00003517B /* TimerFshTests */,
				6EAD495B2ECC36B00003517B /* TimerFshUITests */,
				B064A8C22ED44AE400DAC67B /* Frameworks */,
				6EAD49422ECC36AE0003517B /* Products */,
			);
			sourceTree = "<group>";
		};
		6EAD49422ECC36AE0003517B /* Products */ = {
			isa = PBXGroup;
			children = (
				6EAD49412ECC36AE0003517B /* TimerFsh.app */,
				6EAD494E2ECC36B00003517B /* TimerFshTests.xctest */,
				6EAD49582ECC36B00003517B /* TimerFshUITests.xctest */,
			);
			name = Products;
			sourceTree = "<group>";
		};
		B064A8C22ED44AE400DAC67B /* Frameworks */ = {
			isa = PBXGroup;
			children = (
			);
			name = Frameworks;
			sourceTree = "<group>";
		};
/* End PBXGroup section */

/* Begin PBXNativeTarget section */
		6EAD49402ECC36AE0003517B /* TimerFsh */ = {
			isa = PBXNativeTarget;
			buildConfigurationList = 6EAD49622ECC36B00003517B /* Build configuration list for PBXNativeTarget "TimerFsh" */;
			buildPhases = (
				6EAD493D2ECC36AE0003517B /* Sources */,
				6EAD493E2ECC36AE0003517B /* Frameworks */,
				6EAD493F2ECC36AE0003517B /* Resources */,
			);
			buildRules = (
			);
			dependencies = (
			);
			fileSystemSynchronizedGroups = (
				6EAD49432ECC36AE0003517B /* TimerFsh */,
			);
			name = TimerFsh;
			packageProductDependencies = (
				6E0E91872ECE1ADD00234B42 /* FirebaseAuth */,
				6E0E91892ECE1ADD00234B42 /* FirebaseCore */,
				6E0E918B2ECE1ADD00234B42 /* FirebaseDatabase */,
				6E0E918D2ECE1ADD00234B42 /* FirebaseFirestore */,
				6E0E918F2ECE1ADD00234B42 /* FirebaseStorage */,
			);
			productName = TimerFsh;
			productReference = 6EAD49412ECC36AE0003517B /* TimerFsh.app */;
			productType = "com.apple.product-type.application";
		};
		6EAD494D2ECC36B00003517B /* TimerFshTests */ = {
			isa = PBXNativeTarget;
			buildConfigurationList = 6EAD49652ECC36B00003517B /* Build configuration list for PBXNativeTarget "TimerFshTests" */;
			buildPhases = (
				6EAD494A2ECC36B00003517B /* Sources */,
				6EAD494B2ECC36B00003517B /* Frameworks */,
				6EAD494C2ECC36B00003517B /* Resources */,
			);
			buildRules = (
			);
			dependencies = (
				6EAD49502ECC36B00003517B /* PBXTargetDependency */,
			);
			fileSystemSynchronizedGroups = (
				6EAD49512ECC36B00003517B /* TimerFshTests */,
			);
			name = TimerFshTests;
			packageProductDependencies = (
			);
			productName = TimerFshTests;
			productReference = 6EAD494E2ECC36B00003517B /* TimerFshTests.xctest */;
			productType = "com.apple.product-type.bundle.unit-test";
		};
		6EAD49572ECC36B00003517B /* TimerFshUITests */ = {
			isa = PBXNativeTarget;
			buildConfigurationList = 6EAD49682ECC36B00003517B /* Build configuration list for PBXNativeTarget "TimerFshUITests" */;
			buildPhases = (
				6EAD49542ECC36B00003517B /* Sources */,
				6EAD49552ECC36B00003517B /* Frameworks */,
				6EAD49562ECC36B00003517B /* Resources */,
			);
			buildRules = (
			);
			dependencies = (
				6EAD495A2ECC36B00003517B /* PBXTargetDependency */,
			);
			fileSystemSynchronizedGroups = (
				6EAD495B2ECC36B00003517B /* TimerFshUITests */,
			);
			name = TimerFshUITests;
			packageProductDependencies = (
			);
			productName = TimerFshUITests;
			productReference = 6EAD49582ECC36B00003517B /* TimerFshUITests.xctest */;
			productType = "com.apple.product-type.bundle.ui-testing";
		};
/* End PBXNativeTarget section */

/* Begin PBXProject section */
		6EAD49392ECC36AE0003517B /* Project object */ = {
			isa = PBXProject;
			attributes = {
				BuildIndependentTargetsInParallel = 1;
				LastSwiftUpdateCheck = 2600;
				LastUpgradeCheck = 2600;
				TargetAttributes = {
					6EAD49402ECC36AE0003517B = {
						CreatedOnToolsVersion = 26.0.1;
					};
					6EAD494D2ECC36B00003517B = {
						CreatedOnToolsVersion = 26.0.1;
						TestTargetID = 6EAD49402ECC36AE0003517B;
					};
					6EAD49572ECC36B00003517B = {
						CreatedOnToolsVersion = 26.0.1;
						TestTargetID = 6EAD49402ECC36AE0003517B;
					};
				};
			};
			buildConfigurationList = 6EAD493C2ECC36AE0003517B /* Build configuration list for PBXProject "TimerFsh" */;
			developmentRegion = en;
			hasScannedForEncodings = 0;
			knownRegions = (
				en,
				Base,
			);
			mainGroup = 6EAD49382ECC36AE0003517B;
			minimizedProjectReferenceProxies = 1;
			packageReferences = (
				6E0E91862ECE1ADD00234B42 /* XCRemoteSwiftPackageReference "firebase-ios-sdk" */,
			);
			preferredProjectObjectVersion = 77;
			productRefGroup = 6EAD49422ECC36AE0003517B /* Products */;
			projectDirPath = "";
			projectRoot = "";
			targets = (
				6EAD49402ECC36AE0003517B /* TimerFsh */,
				6EAD494D2ECC36B00003517B /* TimerFshTests */,
				6EAD49572ECC36B00003517B /* TimerFshUITests */,
			);
		};
/* End PBXProject section */

/* Begin PBXResourcesBuildPhase section */
		6EAD493F2ECC36AE0003517B /* Resources */ = {
			isa = PBXResourcesBuildPhase;
			buildActionMask = 2147483647;
			files = (
				6E53A3D22ECC4227005FC4B2 /* GoogleService-Info.plist in Resources */,
			);
			runOnlyForDeploymentPostprocessing = 0;
		};
		6EAD494C2ECC36B00003517B /* Resources */ = {
			isa = PBXResourcesBuildPhase;
			buildActionMask = 2147483647;
			files = (
			);
			runOnlyForDeploymentPostprocessing = 0;
		};
		6EAD49562ECC36B00003517B /* Resources */ = {
			isa = PBXResourcesBuildPhase;
			buildActionMask = 2147483647;
			files = (
			);
			runOnlyForDeploymentPostprocessing = 0;
		};
/* End PBXResourcesBuildPhase section */

/* Begin PBXSourcesBuildPhase section */
		6EAD493D2ECC36AE0003517B /* Sources */ = {
			isa = PBXSourcesBuildPhase;
			buildActionMask = 2147483647;
			files = (
			);
			runOnlyForDeploymentPostprocessing = 0;
		};
		6EAD494A2ECC36B00003517B /* Sources */ = {
			isa = PBXSourcesBuildPhase;
			buildActionMask = 2147483647;
			files = (
			);
			runOnlyForDeploymentPostprocessing = 0;
		};
		6EAD49542ECC36B00003517B /* Sources */ = {
			isa = PBXSourcesBuildPhase;
			buildActionMask = 2147483647;
			files = (
			);
			runOnlyForDeploymentPostprocessing = 0;
		};
/* End PBXSourcesBuildPhase section */

/* Begin PBXTargetDependency section */
		6EAD49502ECC36B00003517B /* PBXTargetDependency */ = {
			isa = PBXTargetDependency;
			target = 6EAD49402ECC36AE0003517B /* TimerFsh */;
			targetProxy = 6EAD494F2ECC36B00003517B /* PBXContainerItemProxy */;
		};
		6EAD495A2ECC36B00003517B /* PBXTargetDependency */ = {
			isa = PBXTargetDependency;
			target = 6EAD49402ECC36AE0003517B /* TimerFsh */;
			targetProxy = 6EAD49592ECC36B00003517B /* PBXContainerItemProxy */;
		};
/* End PBXTargetDependency section */

/* Begin XCBuildConfiguration section */
		6EAD49602ECC36B00003517B /* Debug */ = {
			isa = XCBuildConfiguration;
			buildSettings = {
				ALWAYS_SEARCH_USER_PATHS = NO;
				ASSETCATALOG_COMPILER_GENERATE_SWIFT_ASSET_SYMBOL_EXTENSIONS = YES;
				CLANG_ANALYZER_NONNULL = YES;
				CLANG_ANALYZER_NUMBER_OBJECT_CONVERSION = YES_AGGRESSIVE;
				CLANG_CXX_LANGUAGE_STANDARD = "gnu++20";
				CLANG_ENABLE_MODULES = YES;
				CLANG_ENABLE_OBJC_ARC = YES;
				CLANG_ENABLE_OBJC_WEAK = YES;
				CLANG_WARN_BLOCK_CAPTURE_AUTORELEASING = YES;
				CLANG_WARN_BOOL_CONVERSION = YES;
				CLANG_WARN_COMMA = YES;
				CLANG_WARN_CONSTANT_CONVERSION = YES;
				CLANG_WARN_DEPRECATED_OBJC_IMPLEMENTATIONS = YES;
				CLANG_WARN_DIRECT_OBJC_ISA_USAGE = YES_ERROR;
				CLANG_WARN_DOCUMENTATION_COMMENTS = YES;
				CLANG_WARN_EMPTY_BODY = YES;
				CLANG_WARN_ENUM_CONVERSION = YES;
				CLANG_WARN_INFINITE_RECURSION = YES;
				CLANG_WARN_INT_CONVERSION = YES;
				CLANG_WARN_NON_LITERAL_NULL_CONVERSION = YES;
				CLANG_WARN_OBJC_IMPLICIT_RETAIN_SELF = YES;
				CLANG_WARN_OBJC_LITERAL_CONVERSION = YES;
				CLANG_WARN_OBJC_ROOT_CLASS = YES_ERROR;
				CLANG_WARN_QUOTED_INCLUDE_IN_FRAMEWORK_HEADER = YES;
				CLANG_WARN_RANGE_LOOP_ANALYSIS = YES;
				CLANG_WARN_STRICT_PROTOTYPES = YES;
				CLANG_WARN_SUSPICIOUS_MOVE = YES;
				CLANG_WARN_UNGUARDED_AVAILABILITY = YES_AGGRESSIVE;
				CLANG_WARN_UNREACHABLE_CODE = YES;
				CLANG_WARN__DUPLICATE_METHOD_MATCH = YES;
				COPY_PHASE_STRIP = NO;
				DEBUG_INFORMATION_FORMAT = dwarf;
				DEVELOPMENT_TEAM = NZLN8YH6WW;
				ENABLE_STRICT_OBJC_MSGSEND = YES;
				ENABLE_TESTABILITY = YES;
				ENABLE_USER_SCRIPT_SANDBOXING = YES;
				GCC_C_LANGUAGE_STANDARD = gnu17;
				GCC_DYNAMIC_NO_PIC = NO;
				GCC_NO_COMMON_BLOCKS = YES;
				GCC_OPTIMIZATION_LEVEL = 0;
				GCC_PREPROCESSOR_DEFINITIONS = (
					"DEBUG=1",
					"$(inherited)",
				);
				GCC_WARN_64_TO_32_BIT_CONVERSION = YES;
				GCC_WARN_ABOUT_RETURN_TYPE = YES_ERROR;
				GCC_WARN_UNDECLARED_SELECTOR = YES;
				GCC_WARN_UNINITIALIZED_AUTOS = YES_AGGRESSIVE;
				GCC_WARN_UNUSED_FUNCTION = YES;
				GCC_WARN_UNUSED_VARIABLE = YES;
				IPHONEOS_DEPLOYMENT_TARGET = 26.0;
				LOCALIZATION_PREFERS_STRING_CATALOGS = YES;
				MTL_ENABLE_DEBUG_INFO = INCLUDE_SOURCE;
				MTL_FAST_MATH = YES;
				ONLY_ACTIVE_ARCH = YES;
				SDKROOT = iphoneos;
				SWIFT_ACTIVE_COMPILATION_CONDITIONS = "DEBUG $(inherited)";
				SWIFT_OPTIMIZATION_LEVEL = "-Onone";
			};
			name = Debug;
		};
		6EAD49612ECC36B00003517B /* Release */ = {
			isa = XCBuildConfiguration;
			buildSettings = {
				ALWAYS_SEARCH_USER_PATHS = NO;
				ASSETCATALOG_COMPILER_GENERATE_SWIFT_ASSET_SYMBOL_EXTENSIONS = YES;
				CLANG_ANALYZER_NONNULL = YES;
				CLANG_ANALYZER_NUMBER_OBJECT_CONVERSION = YES_AGGRESSIVE;
				CLANG_CXX_LANGUAGE_STANDARD = "gnu++20";
				CLANG_ENABLE_MODULES = YES;
				CLANG_ENABLE_OBJC_ARC = YES;
				CLANG_ENABLE_OBJC_WEAK = YES;
				CLANG_WARN_BLOCK_CAPTURE_AUTORELEASING = YES;
				CLANG_WARN_BOOL_CONVERSION = YES;
				CLANG_WARN_COMMA = YES;
				CLANG_WARN_CONSTANT_CONVERSION = YES;
				CLANG_WARN_DEPRECATED_OBJC_IMPLEMENTATIONS = YES;
				CLANG_WARN_DIRECT_OBJC_ISA_USAGE = YES_ERROR;
				CLANG_WARN_DOCUMENTATION_COMMENTS = YES;
				CLANG_WARN_EMPTY_BODY = YES;
				CLANG_WARN_ENUM_CONVERSION = YES;
				CLANG_WARN_INFINITE_RECURSION = YES;
				CLANG_WARN_INT_CONVERSION = YES;
				CLANG_WARN_NON_LITERAL_NULL_CONVERSION = YES;
				CLANG_WARN_OBJC_IMPLICIT_RETAIN_SELF = YES;
				CLANG_WARN_OBJC_LITERAL_CONVERSION = YES;
				CLANG_WARN_OBJC_ROOT_CLASS = YES_ERROR;
				CLANG_WARN_QUOTED_INCLUDE_IN_FRAMEWORK_HEADER = YES;
				CLANG_WARN_RANGE_LOOP_ANALYSIS = YES;
				CLANG_WARN_STRICT_PROTOTYPES = YES;
				CLANG_WARN_SUSPICIOUS_MOVE = YES;
				CLANG_WARN_UNGUARDED_AVAILABILITY = YES_AGGRESSIVE;
				CLANG_WARN_UNREACHABLE_CODE = YES;
				CLANG_WARN__DUPLICATE_METHOD_MATCH = YES;
				COPY_PHASE_STRIP = NO;
				DEBUG_INFORMATION_FORMAT = "dwarf-with-dsym";
				DEVELOPMENT_TEAM = NZLN8YH6WW;
				ENABLE_NS_ASSERTIONS = NO;
				ENABLE_STRICT_OBJC_MSGSEND = YES;
				ENABLE_USER_SCRIPT_SANDBOXING = YES;
				GCC_C_LANGUAGE_STANDARD = gnu17;
				GCC_NO_COMMON_BLOCKS = YES;
				GCC_WARN_64_TO_32_BIT_CONVERSION = YES;
				GCC_WARN_ABOUT_RETURN_TYPE = YES_ERROR;
				GCC_WARN_UNDECLARED_SELECTOR = YES;
				GCC_WARN_UNINITIALIZED_AUTOS = YES_AGGRESSIVE;
				GCC_WARN_UNUSED_FUNCTION = YES;
				GCC_WARN_UNUSED_VARIABLE = YES;
				IPHONEOS_DEPLOYMENT_TARGET = 26.0;
				LOCALIZATION_PREFERS_STRING_CATALOGS = YES;
				MTL_ENABLE_DEBUG_INFO = NO;
				MTL_FAST_MATH = YES;
				SDKROOT = iphoneos;
				SWIFT_COMPILATION_MODE = wholemodule;
				VALIDATE_PRODUCT = YES;
			};
			name = Release;
		};
		6EAD49632ECC36B00003517B /* Debug */ = {
			isa = XCBuildConfiguration;
			buildSettings = {
				ASSETCATALOG_COMPILER_APPICON_NAME = AppIcon;
				ASSETCATALOG_COMPILER_GLOBAL_ACCENT_COLOR_NAME = AccentColor;
				CODE_SIGN_STYLE = Automatic;
				CURRENT_PROJECT_VERSION = 1;
				DEVELOPMENT_TEAM = NZLN8YH6WW;
				ENABLE_PREVIEWS = YES;
				GENERATE_INFOPLIST_FILE = YES;
				INFOPLIST_KEY_UIApplicationSceneManifest_Generation = YES;
				INFOPLIST_KEY_UIApplicationSupportsIndirectInputEvents = YES;
				INFOPLIST_KEY_UILaunchScreen_Generation = YES;
				INFOPLIST_KEY_UISupportedInterfaceOrientations_iPad = "UIInterfaceOrientationPortrait UIInterfaceOrientationPortraitUpsideDown UIInterfaceOrientationLandscapeLeft UIInterfaceOrientationLandscapeRight";
				INFOPLIST_KEY_UISupportedInterfaceOrientations_iPhone = "UIInterfaceOrientationPortrait UIInterfaceOrientationLandscapeLeft UIInterfaceOrientationLandscapeRight";
				LD_RUNPATH_SEARCH_PATHS = (
					"$(inherited)",
					"@executable_path/Frameworks",
				);
				MARKETING_VERSION = 1.0;
				PRODUCT_BUNDLE_IDENTIFIER = application.TimerFsh;
				PRODUCT_NAME = "$(TARGET_NAME)";
				STRING_CATALOG_GENERATE_SYMBOLS = YES;
				SWIFT_APPROACHABLE_CONCURRENCY = YES;
				SWIFT_DEFAULT_ACTOR_ISOLATION = MainActor;
				SWIFT_EMIT_LOC_STRINGS = YES;
				SWIFT_UPCOMING_FEATURE_MEMBER_IMPORT_VISIBILITY = YES;
				SWIFT_VERSION = 5.0;
				TARGETED_DEVICE_FAMILY = "1,2";
			};
			name = Debug;
		};
		6EAD49642ECC36B00003517B /* Release */ = {
			isa = XCBuildConfiguration;
			buildSettings = {
				ASSETCATALOG_COMPILER_APPICON_NAME = AppIcon;
				ASSETCATALOG_COMPILER_GLOBAL_ACCENT_COLOR_NAME = AccentColor;
				CODE_SIGN_STYLE = Automatic;
				CURRENT_PROJECT_VERSION = 1;
				DEVELOPMENT_TEAM = NZLN8YH6WW;
				ENABLE_PREVIEWS = YES;
				GENERATE_INFOPLIST_FILE = YES;
				INFOPLIST_KEY_UIApplicationSceneManifest_Generation = YES;
				INFOPLIST_KEY_UIApplicationSupportsIndirectInputEvents = YES;
				INFOPLIST_KEY_UILaunchScreen_Generation = YES;
				INFOPLIST_KEY_UISupportedInterfaceOrientations_iPad = "UIInterfaceOrientationPortrait UIInterfaceOrientationPortraitUpsideDown UIInterfaceOrientationLandscapeLeft UIInterfaceOrientationLandscapeRight";
				INFOPLIST_KEY_UISupportedInterfaceOrientations_iPhone = "UIInterfaceOrientationPortrait UIInterfaceOrientationLandscapeLeft UIInterfaceOrientationLandscapeRight";
				LD_RUNPATH_SEARCH_PATHS = (
					"$(inherited)",
					"@executable_path/Frameworks",
				);
				MARKETING_VERSION = 1.0;
				PRODUCT_BUNDLE_IDENTIFIER = application.TimerFsh;
				PRODUCT_NAME = "$(TARGET_NAME)";
				STRING_CATALOG_GENERATE_SYMBOLS = YES;
				SWIFT_APPROACHABLE_CONCURRENCY = YES;
				SWIFT_DEFAULT_ACTOR_ISOLATION = MainActor;
				SWIFT_EMIT_LOC_STRINGS = YES;
				SWIFT_UPCOMING_FEATURE_MEMBER_IMPORT_VISIBILITY = YES;
				SWIFT_VERSION = 5.0;
				TARGETED_DEVICE_FAMILY = "1,2";
			};
			name = Release;
		};
		6EAD49662ECC36B00003517B /* Debug */ = {
			isa = XCBuildConfiguration;
			buildSettings = {
				BUNDLE_LOADER = "$(TEST_HOST)";
				CODE_SIGN_STYLE = Automatic;
				CURRENT_PROJECT_VERSION = 1;
				DEVELOPMENT_TEAM = NZLN8YH6WW;
				GENERATE_INFOPLIST_FILE = YES;
				IPHONEOS_DEPLOYMENT_TARGET = 26.0;
				MARKETING_VERSION = 1.0;
				PRODUCT_BUNDLE_IDENTIFIER = application.TimerFshTests;
				PRODUCT_NAME = "$(TARGET_NAME)";
				STRING_CATALOG_GENERATE_SYMBOLS = NO;
				SWIFT_APPROACHABLE_CONCURRENCY = YES;
				SWIFT_EMIT_LOC_STRINGS = NO;
				SWIFT_UPCOMING_FEATURE_MEMBER_IMPORT_VISIBILITY = YES;
				SWIFT_VERSION = 5.0;
				TARGETED_DEVICE_FAMILY = "1,2";
				TEST_HOST = "$(BUILT_PRODUCTS_DIR)/TimerFsh.app/$(BUNDLE_EXECUTABLE_FOLDER_PATH)/TimerFsh";
			};
			name = Debug;
		};
		6EAD49672ECC36B00003517B /* Release */ = {
			isa = XCBuildConfiguration;
			buildSettings = {
				BUNDLE_LOADER = "$(TEST_HOST)";
				CODE_SIGN_STYLE = Automatic;
				CURRENT_PROJECT_VERSION = 1;
				DEVELOPMENT_TEAM = NZLN8YH6WW;
				GENERATE_INFOPLIST_FILE = YES;
				IPHONEOS_DEPLOYMENT_TARGET = 26.0;
				MARKETING_VERSION = 1.0;
				PRODUCT_BUNDLE_IDENTIFIER = application.TimerFshTests;
				PRODUCT_NAME = "$(TARGET_NAME)";
				STRING_CATALOG_GENERATE_SYMBOLS = NO;
				SWIFT_APPROACHABLE_CONCURRENCY = YES;
				SWIFT_EMIT_LOC_STRINGS = NO;
				SWIFT_UPCOMING_FEATURE_MEMBER_IMPORT_VISIBILITY = YES;
				SWIFT_VERSION = 5.0;
				TARGETED_DEVICE_FAMILY = "1,2";
				TEST_HOST = "$(BUILT_PRODUCTS_DIR)/TimerFsh.app/$(BUNDLE_EXECUTABLE_FOLDER_PATH)/TimerFsh";
			};
			name = Release;
		};
		6EAD49692ECC36B00003517B /* Debug */ = {
			isa = XCBuildConfiguration;
			buildSettings = {
				CODE_SIGN_STYLE = Automatic;
				CURRENT_PROJECT_VERSION = 1;
				DEVELOPMENT_TEAM = NZLN8YH6WW;
				GENERATE_INFOPLIST_FILE = YES;
				MARKETING_VERSION = 1.0;
				PRODUCT_BUNDLE_IDENTIFIER = application.TimerFshUITests;
				PRODUCT_NAME = "$(TARGET_NAME)";
				STRING_CATALOG_GENERATE_SYMBOLS = NO;
				SWIFT_APPROACHABLE_CONCURRENCY = YES;
				SWIFT_EMIT_LOC_STRINGS = NO;
				SWIFT_UPCOMING_FEATURE_MEMBER_IMPORT_VISIBILITY = YES;
				SWIFT_VERSION = 5.0;
				TARGETED_DEVICE_FAMILY = "1,2";
				TEST_TARGET_NAME = TimerFsh;
			};
			name = Debug;
		};
		6EAD496A2ECC36B00003517B /* Release */ = {
			isa = XCBuildConfiguration;
			buildSettings = {
				CODE_SIGN_STYLE = Automatic;
				CURRENT_PROJECT_VERSION = 1;
				DEVELOPMENT_TEAM = NZLN8YH6WW;
				GENERATE_INFOPLIST_FILE = YES;
				MARKETING_VERSION = 1.0;
				PRODUCT_BUNDLE_IDENTIFIER = application.TimerFshUITests;
				PRODUCT_NAME = "$(TARGET_NAME)";
				STRING_CATALOG_GENERATE_SYMBOLS = NO;
				SWIFT_APPROACHABLE_CONCURRENCY = YES;
				SWIFT_EMIT_LOC_STRINGS = NO;
				SWIFT_UPCOMING_FEATURE_MEMBER_IMPORT_VISIBILITY = YES;
				SWIFT_VERSION = 5.0;
				TARGETED_DEVICE_FAMILY = "1,2";
				TEST_TARGET_NAME = TimerFsh;
			};
			name = Release;
		};
/* End XCBuildConfiguration section */

/* Begin XCConfigurationList section */
		6EAD493C2ECC36AE0003517B /* Build configuration list for PBXProject "TimerFsh" */ = {
			isa = XCConfigurationList;
			buildConfigurations = (
				6EAD49602ECC36B00003517B /* Debug */,
				6EAD49612ECC36B00003517B /* Release */,
			);
			defaultConfigurationIsVisible = 0;
			defaultConfigurationName = Release;
		};
		6EAD49622ECC36B00003517B /* Build configuration list for PBXNativeTarget "TimerFsh" */ = {
			isa = XCConfigurationList;
			buildConfigurations = (
				6EAD49632ECC36B00003517B /* Debug */,
				6EAD49642ECC36B00003517B /* Release */,
			);
			defaultConfigurationIsVisible = 0;
			defaultConfigurationName = Release;
		};
		6EAD49652ECC36B00003517B /* Build configuration list for PBXNativeTarget "TimerFshTests" */ = {
			isa = XCConfigurationList;
			buildConfigurations = (
				6EAD49662ECC36B00003517B /* Debug */,
				6EAD49672ECC36B00003517B /* Release */,
			);
			defaultConfigurationIsVisible = 0;
			defaultConfigurationName = Release;
		};
		6EAD49682ECC36B00003517B /* Build configuration list for PBXNativeTarget "TimerFshUITests" */ = {
			isa = XCConfigurationList;
			buildConfigurations = (
				6EAD49692ECC36B00003517B /* Debug */,
				6EAD496A2ECC36B00003517B /* Release */,
			);
			defaultConfigurationIsVisible = 0;
			defaultConfigurationName = Release;
		};
/* End XCConfigurationList section */

/* Begin XCRemoteSwiftPackageReference section */
		6E0E91862ECE1ADD00234B42 /* XCRemoteSwiftPackageReference "firebase-ios-sdk" */ = {
			isa = XCRemoteSwiftPackageReference;
			repositoryURL = "https://github.com/firebase/firebase-ios-sdk";
			requirement = {
				kind = upToNextMajorVersion;
				minimumVersion = 12.6.0;
			};
		};
/* End XCRemoteSwiftPackageReference section */

/* Begin XCSwiftPackageProductDependency section */
		6E0E91872ECE1ADD00234B42 /* FirebaseAuth */ = {
			isa = XCSwiftPackageProductDependency;
			package = 6E0E91862ECE1ADD00234B42 /* XCRemoteSwiftPackageReference "firebase-ios-sdk" */;
			productName = FirebaseAuth;
		};
		6E0E91892ECE1ADD00234B42 /* FirebaseCore */ = {
			isa = XCSwiftPackageProductDependency;
			package = 6E0E91862ECE1ADD00234B42 /* XCRemoteSwiftPackageReference "firebase-ios-sdk" */;
			productName = FirebaseCore;
		};
		6E0E918B2ECE1ADD00234B42 /* FirebaseDatabase */ = {
			isa = XCSwiftPackageProductDependency;
			package = 6E0E91862ECE1ADD00234B42 /* XCRemoteSwiftPackageReference "firebase-ios-sdk" */;
			productName = FirebaseDatabase;
		};
		6E0E918D2ECE1ADD00234B42 /* FirebaseFirestore */ = {
			isa = XCSwiftPackageProductDependency;
			package = 6E0E91862ECE1ADD00234B42 /* XCRemoteSwiftPackageReference "firebase-ios-sdk" */;
			productName = FirebaseFirestore;
		};
		6E0E918F2ECE1ADD00234B42 /* FirebaseStorage */ = {
			isa = XCSwiftPackageProductDependency;
			package = 6E0E91862ECE1ADD00234B42 /* XCRemoteSwiftPackageReference "firebase-ios-sdk" */;
			productName = FirebaseStorage;
		};
/* End XCSwiftPackageProductDependency section */
	};
	rootObject = 6EAD49392ECC36AE0003517B /* Project object */;
}
